
Microsoft Visual Studio Solution File, Format Version 12.00
# Visual Studio 15
VisualStudioVersion = 15.0.28307.421
MinimumVisualStudioVersion = 10.0.40219.1
Project("{FAE04EC0-301F-11D3-BF4B-00C04F79EFBC}") = "logsafe", "logsafe\logsafe.csproj", "{D6632AD4-3C72-4D9D-9645-6C0E60271CE1}"
EndProject
Global
	GlobalSection(SolutionConfigurationPlatforms) = preSolution
		Debug|Any CPU = Debug|Any CPU
		Release|Any CPU = Release|Any CPU
	EndGlobalSection
	GlobalSection(ProjectConfigurationPlatforms) = postSolution
		{D6632AD4-3C72-4D9D-9645-6C0E60271CE1}.Debug|Any CPU.ActiveCfg = Debug|Any CPU
		{D6632AD4-3C72-4D9D-9645-6C0E60271CE1}.Debug|Any CPU.Build.0 = Debug|Any CPU
		{D6632AD4-3C72-4D9D-9645-6C0E60271CE1}.Release|Any CPU.ActiveCfg = Release|Any CPU
		{D6632AD4-3C72-4D9D-9645-6C0E60271CE1}.Release|Any CPU.Build.0 = Release|Any CPU
	EndGlobalSection
	GlobalSection(SolutionProperties) = preSolution
		HideSolutionNode = FALSE
	EndGlobalSection
	GlobalSection(ExtensibilityGlobals) = postSolution
		SolutionGuid = {3C294AA5-9B92-4183-B909-72BFF0888639}
	EndGlobalSection
EndGlobal
